// !$*UTF8*$!
{
	archiveVersion = 1;
	classes = {
	};
	objectVersion = 46;
	objects = {

/* Begin PBXBuildFile section */
		BAE0E58B1C7E25E100CCBF51 /* AppDelegate.swift in Sources */ = {isa = PBXBuildFile; fileRef = BAE0E58A1C7E25E100CCBF51 /* AppDelegate.swift */; };
		BAE0E58D1C7E25E100CCBF51 /* ViewController.swift in Sources */ = {isa = PBXBuildFile; fileRef = BAE0E58C1C7E25E100CCBF51 /* ViewController.swift */; };
		BAE0E5901C7E25E100CCBF51 /* Main.storyboard in Resources */ = {isa = PBXBuildFile; fileRef = BAE0E58E1C7E25E100CCBF51 /* Main.storyboard */; };
		BAE0E5921C7E25E100CCBF51 /* Assets.xcassets in Resources */ = {isa = PBXBuildFile; fileRef = BAE0E5911C7E25E100CCBF51 /* Assets.xcassets */; };
		BAE0E5951C7E25E100CCBF51 /* LaunchScreen.storyboard in Resources */ = {isa = PBXBuildFile; fileRef = BAE0E5931C7E25E100CCBF51 /* LaunchScreen.storyboard */; };
		BAE0E5A01C7E25E100CCBF51 /* Hotel_Bill_CalculatorTests.swift in Sources */ = {isa = PBXBuildFile; fileRef = BAE0E59F1C7E25E100CCBF51 /* Hotel_Bill_CalculatorTests.swift */; };
		BAE0E5AB1C7E25E100CCBF51 /* Hotel_Bill_CalculatorUITests.swift in Sources */ = {isa = PBXBuildFile; fileRef = BAE0E5AA1C7E25E100CCBF51 /* Hotel_Bill_CalculatorUITests.swift */; };
		BAE0E5BA1C7E37EA00CCBF51 /* HotelCalculatorModel.swift in Sources */ = {isa = PBXBuildFile; fileRef = BAE0E5B91C7E37EA00CCBF51 /* HotelCalculatorModel.swift */; };
/* End PBXBuildFile section */

/* Begin PBXContainerItemProxy section */
		BAE0E59C1C7E25E100CCBF51 /* PBXContainerItemProxy */ = {
			isa = PBXContainerItemProxy;
			containerPortal = BAE0E57F1C7E25E100CCBF51 /* Project object */;
			proxyType = 1;
			remoteGlobalIDString = BAE0E5861C7E25E100CCBF51;
			remoteInfo = "Hotel Bill Calculator";
		};
		BAE0E5A71C7E25E100CCBF51 /* PBXContainerItemProxy */ = {
			isa = PBXContainerItemProxy;
			containerPortal = BAE0E57F1C7E25E100CCBF51 /* Project object */;
			proxyType = 1;
			remoteGlobalIDString = BAE0E5861C7E25E100CCBF51;
			remoteInfo = "Hotel Bill Calculator";
		};
/* End PBXContainerItemProxy section */

/* Begin PBXFileReference section */
		BAE0E5871C7E25E100CCBF51 /* Hotel Bill Calculator.app */ = {isa = PBXFileReference; explicitFileType = wrapper.application; includeInIndex = 0; path = "Hotel Bill Calculator.app"; sourceTree = BUILT_PRODUCTS_DIR; };
		BAE0E58A1C7E25E100CCBF51 /* AppDelegate.swift */ = {isa = PBXFileReference; lastKnownFileType = sourcecode.swift; path = AppDelegate.swift; sourceTree = "<group>"; };
		BAE0E58C1C7E25E100CCBF51 /* ViewController.swift */ = {isa = PBXFileReference; lastKnownFileType = sourcecode.swift; path = ViewController.swift; sourceTree = "<group>"; };
		BAE0E58F1C7E25E100CCBF51 /* Base */ = {isa = PBXFileReference; lastKnownFileType = file.storyboard; name = Base; path = Base.lproj/Main.storyboard; sourceTree = "<group>"; };
		BAE0E5911C7E25E100CCBF51 /* Assets.xcassets */ = {isa = PBXFileReference; lastKnownFileType = folder.assetcatalog; path = Assets.xcassets; sourceTree = "<group>"; };
		BAE0E5941C7E25E100CCBF51 /* Base */ = {isa = PBXFileReference; lastKnownFileType = file.storyboard; name = Base; path = Base.lproj/LaunchScreen.storyboard; sourceTree = "<group>"; };
		BAE0E5961C7E25E100CCBF51 /* Info.plist */ = {isa = PBXFileReference; lastKnownFileType = text.plist.xml; path = Info.plist; sourceTree = "<group>"; };
		BAE0E59B1C7E25E100CCBF51 /* Hotel Bill CalculatorTests.xctest */ = {isa = PBXFileReference; explicitFileType = wrapper.cfbundle; includeInIndex = 0; path = "Hotel Bill CalculatorTests.xctest"; sourceTree = BUILT_PRODUCTS_DIR; };
		BAE0E59F1C7E25E100CCBF51 /* Hotel_Bill_CalculatorTests.swift */ = {isa = PBXFileReference; lastKnownFileType = sourcecode.swift; path = Hotel_Bill_CalculatorTests.swift; sourceTree = "<group>"; };
		BAE0E5A11C7E25E100CCBF51 /* Info.plist */ = {isa = PBXFileReference; lastKnownFileType = text.plist.xml; path = Info.plist; sourceTree = "<group>"; };
		BAE0E5A61C7E25E100CCBF51 /* Hotel Bill CalculatorUITests.xctest */ = {isa = PBXFileReference; explicitFileType = wrapper.cfbundle; includeInIndex = 0; path = "Hotel Bill CalculatorUITests.xctest"; sourceTree = BUILT_PRODUCTS_DIR; };
		BAE0E5AA1C7E25E100CCBF51 /* Hotel_Bill_CalculatorUITests.swift */ = {isa = PBXFileReference; lastKnownFileType = sourcecode.swift; path = Hotel_Bill_CalculatorUITests.swift; sourceTree = "<group>"; };
		BAE0E5AC1C7E25E100CCBF51 /* Info.plist */ = {isa = PBXFileReference; lastKnownFileType = text.plist.xml; path = Info.plist; sourceTree = "<group>"; };
		BAE0E5B91C7E37EA00CCBF51 /* HotelCalculatorModel.swift */ = {isa = PBXFileReference; fileEncoding = 4; lastKnownFileType = sourcecode.swift; name = HotelCalculatorModel.swift; path = Models/HotelCalculatorModel.swift; sourceTree = "<group>"; };
/* End PBXFileReference section */

/* Begin PBXFrameworksBuildPhase section */
		BAE0E5841C7E25E100CCBF51 /* Frameworks */ = {
			isa = PBXFrameworksBuildPhase;
			buildActionMask = 2147483647;
			files = (
			);
			runOnlyForDeploymentPostprocessing = 0;
		};
		BAE0E5981C7E25E100CCBF51 /* Frameworks */ = {
			isa = PBXFrameworksBuildPhase;
			buildActionMask = 2147483647;
			files = (
			);
			runOnlyForDeploymentPostprocessing = 0;
		};
		BAE0E5A31C7E25E100CCBF51 /* Frameworks */ = {
			isa = PBXFrameworksBuildPhase;
			buildActionMask = 2147483647;
			files = (
			);
			runOnlyForDeploymentPostprocessing = 0;
		};
/* End PBXFrameworksBuildPhase section */

/* Begin PBXGroup section */
		BAE0E57E1C7E25E100CCBF51 = {
			isa = PBXGroup;
			children = (
				BAE0E5891C7E25E100CCBF51 /* Hotel Bill Calculator */,
				BAE0E59E1C7E25E100CCBF51 /* Hotel Bill CalculatorTests */,
				BAE0E5A91C7E25E100CCBF51 /* Hotel Bill CalculatorUITests */,
				BAE0E5881C7E25E100CCBF51 /* Products */,
			);
			sourceTree = "<group>";
		};
		BAE0E5881C7E25E100CCBF51 /* Products */ = {
			isa = PBXGroup;
			children = (
				BAE0E5871C7E25E100CCBF51 /* Hotel Bill Calculator.app */,
				BAE0E59B1C7E25E100CCBF51 /* Hotel Bill CalculatorTests.xctest */,
				BAE0E5A61C7E25E100CCBF51 /* Hotel Bill CalculatorUITests.xctest */,
			);
			name = Products;
			sourceTree = "<group>";
		};
		BAE0E5891C7E25E100CCBF51 /* Hotel Bill Calculator */ = {
			isa = PBXGroup;
			children = (
				BAE0E5B81C7E37CA00CCBF51 /* Models */,
				BAE0E58A1C7E25E100CCBF51 /* AppDelegate.swift */,
				BAE0E58C1C7E25E100CCBF51 /* ViewController.swift */,
				BAE0E58E1C7E25E100CCBF51 /* Main.storyboard */,
				BAE0E5911C7E25E100CCBF51 /* Assets.xcassets */,
				BAE0E5931C7E25E100CCBF51 /* LaunchScreen.storyboard */,
				BAE0E5961C7E25E100CCBF51 /* Info.plist */,
			);
			path = "Hotel Bill Calculator";
			sourceTree = "<group>";
		};
		BAE0E59E1C7E25E100CCBF51 /* Hotel Bill CalculatorTests */ = {
			isa = PBXGroup;
			children = (
				BAE0E59F1C7E25E100CCBF51 /* Hotel_Bill_CalculatorTests.swift */,
				BAE0E5A11C7E25E100CCBF51 /* Info.plist */,
			);
			path = "Hotel Bill CalculatorTests";
			sourceTree = "<group>";
		};
		BAE0E5A91C7E25E100CCBF51 /* Hotel Bill CalculatorUITests */ = {
			isa = PBXGroup;
			children = (
				BAE0E5AA1C7E25E100CCBF51 /* Hotel_Bill_CalculatorUITests.swift */,
				BAE0E5AC1C7E25E100CCBF51 /* Info.plist */,
			);
			path = "Hotel Bill CalculatorUITests";
			sourceTree = "<group>";
		};
		BAE0E5B81C7E37CA00CCBF51 /* Models */ = {
			isa = PBXGroup;
			children = (
				BAE0E5B91C7E37EA00CCBF51 /* HotelCalculatorModel.swift */,
			);
			name = Models;
			sourceTree = "<group>";
		};
/* End PBXGroup section */

/* Begin PBXNativeTarget section */
		BAE0E5861C7E25E100CCBF51 /* Hotel Bill Calculator */ = {
			isa = PBXNativeTarget;
			buildConfigurationList = BAE0E5AF1C7E25E100CCBF51 /* Build configuration list for PBXNativeTarget "Hotel Bill Calculator" */;
			buildPhases = (
				BAE0E5831C7E25E100CCBF51 /* Sources */,
				BAE0E5841C7E25E100CCBF51 /* Frameworks */,
				BAE0E5851C7E25E100CCBF51 /* Resources */,
			);
			buildRules = (
			);
			dependencies = (
			);
			name = "Hotel Bill Calculator";
			productName = "Hotel Bill Calculator";
			productReference = BAE0E5871C7E25E100CCBF51 /* Hotel Bill Calculator.app */;
			productType = "com.apple.product-type.application";
		};
		BAE0E59A1C7E25E100CCBF51 /* Hotel Bill CalculatorTests */ = {
			isa = PBXNativeTarget;
			buildConfigurationList = BAE0E5B21C7E25E100CCBF51 /* Build configuration list for PBXNativeTarget "Hotel Bill CalculatorTests" */;
			buildPhases = (
				BAE0E5971C7E25E100CCBF51 /* Sources */,
				BAE0E5981C7E25E100CCBF51 /* Frameworks */,
				BAE0E5991C7E25E100CCBF51 /* Resources */,
			);
			buildRules = (
			);
			dependencies = (
				BAE0E59D1C7E25E100CCBF51 /* PBXTargetDependency */,
			);
			name = "Hotel Bill CalculatorTests";
			productName = "Hotel Bill CalculatorTests";
			productReference = BAE0E59B1C7E25E100CCBF51 /* Hotel Bill CalculatorTests.xctest */;
			productType = "com.apple.product-type.bundle.unit-test";
		};
		BAE0E5A51C7E25E100CCBF51 /* Hotel Bill CalculatorUITests */ = {
			isa = PBXNativeTarget;
			buildConfigurationList = BAE0E5B51C7E25E100CCBF51 /* Build configuration list for PBXNativeTarget "Hotel Bill CalculatorUITests" */;
			buildPhases = (
				BAE0E5A21C7E25E100CCBF51 /* Sources */,
				BAE0E5A31C7E25E100CCBF51 /* Frameworks */,
				BAE0E5A41C7E25E100CCBF51 /* Resources */,
			);
			buildRules = (
			);
			dependencies = (
				BAE0E5A81C7E25E100CCBF51 /* PBXTargetDependency */,
			);
			name = "Hotel Bill CalculatorUITests";
			productName = "Hotel Bill CalculatorUITests";
			productReference = BAE0E5A61C7E25E100CCBF51 /* Hotel Bill CalculatorUITests.xctest */;
			productType = "com.apple.product-type.bundle.ui-testing";
		};
/* End PBXNativeTarget section */

/* Begin PBXProject section */
		BAE0E57F1C7E25E100CCBF51 /* Project object */ = {
			isa = PBXProject;
			attributes = {
				LastSwiftUpdateCheck = 0720;
				LastUpgradeCheck = 0720;
				ORGANIZATIONNAME = "Teis Lindemark";
				TargetAttributes = {
					BAE0E5861C7E25E100CCBF51 = {
						CreatedOnToolsVersion = 7.2.1;
					};
					BAE0E59A1C7E25E100CCBF51 = {
						CreatedOnToolsVersion = 7.2.1;
						TestTargetID = BAE0E5861C7E25E100CCBF51;
					};
					BAE0E5A51C7E25E100CCBF51 = {
						CreatedOnToolsVersion = 7.2.1;
						TestTargetID = BAE0E5861C7E25E100CCBF51;
					};
				};
			};
			buildConfigurationList = BAE0E5821C7E25E100CCBF51 /* Build configuration list for PBXProject "Hotel Bill Calculator" */;
			compatibilityVersion = "Xcode 3.2";
			developmentRegion = English;
			hasScannedForEncodings = 0;
			knownRegions = (
				en,
				Base,
			);
			mainGroup = BAE0E57E1C7E25E100CCBF51;
			productRefGroup = BAE0E5881C7E25E100CCBF51 /* Products */;
			projectDirPath = "";
			projectRoot = "";
			targets = (
				BAE0E5861C7E25E100CCBF51 /* Hotel Bill Calculator */,
				BAE0E59A1C7E25E100CCBF51 /* Hotel Bill CalculatorTests */,
				BAE0E5A51C7E25E100CCBF51 /* Hotel Bill CalculatorUITests */,
			);
		};
/* End PBXProject section */

/* Begin PBXResourcesBuildPhase section */
		BAE0E5851C7E25E100CCBF51 /* Resources */ = {
			isa = PBXResourcesBuildPhase;
			buildActionMask = 2147483647;
			files = (
				BAE0E5951C7E25E100CCBF51 /* LaunchScreen.storyboard in Resources */,
				BAE0E5921C7E25E100CCBF51 /* Assets.xcassets in Resources */,
				BAE0E5901C7E25E100CCBF51 /* Main.storyboard in Resources */,
			);
			runOnlyForDeploymentPostprocessing = 0;
		};
		BAE0E5991C7E25E100CCBF51 /* Resources */ = {
			isa = PBXResourcesBuildPhase;
			buildActionMask = 2147483647;
			files = (
			);
			runOnlyForDeploymentPostprocessing = 0;
		};
		BAE0E5A41C7E25E100CCBF51 /* Resources */ = {
			isa = PBXResourcesBuildPhase;
			buildActionMask = 2147483647;
			files = (
			);
			runOnlyForDeploymentPostprocessing = 0;
		};
/* End PBXResourcesBuildPhase section */

/* Begin PBXSourcesBuildPhase section */
		BAE0E5831C7E25E100CCBF51 /* Sources */ = {
			isa = PBXSourcesBuildPhase;
			buildActionMask = 2147483647;
			files = (
				BAE0E58D1C7E25E100CCBF51 /* ViewController.swift in Sources */,
				BAE0E5BA1C7E37EA00CCBF51 /* HotelCalculatorModel.swift in Sources */,
				BAE0E58B1C7E25E100CCBF51 /* AppDelegate.swift in Sources */,
			);
			runOnlyForDeploymentPostprocessing = 0;
		};
		BAE0E5971C7E25E100CCBF51 /* Sources */ = {
			isa = PBXSourcesBuildPhase;
			buildActionMask = 2147483647;
			files = (
				BAE0E5A01C7E25E100CCBF51 /* Hotel_Bill_CalculatorTests.swift in Sources */,
			);
			runOnlyForDeploymentPostprocessing = 0;
		};
		BAE0E5A21C7E25E100CCBF51 /* Sources */ = {
			isa = PBXSourcesBuildPhase;
			buildActionMask = 2147483647;
			files = (
				BAE0E5AB1C7E25E100CCBF51 /* Hotel_Bill_CalculatorUITests.swift in Sources */,
			);
			runOnlyForDeploymentPostprocessing = 0;
		};
/* End PBXSourcesBuildPhase section */

/* Begin PBXTargetDependency section */
		BAE0E59D1C7E25E100CCBF51 /* PBXTargetDependency */ = {
			isa = PBXTargetDependency;
			target = BAE0E5861C7E25E100CCBF51 /* Hotel Bill Calculator */;
			targetProxy = BAE0E59C1C7E25E100CCBF51 /* PBXContainerItemProxy */;
		};
		BAE0E5A81C7E25E100CCBF51 /* PBXTargetDependency */ = {
			isa = PBXTargetDependency;
			target = BAE0E5861C7E25E100CCBF51 /* Hotel Bill Calculator */;
			targetProxy = BAE0E5A71C7E25E100CCBF51 /* PBXContainerItemProxy */;
		};
/* End PBXTargetDependency section */

/* Begin PBXVariantGroup section */
		BAE0E58E1C7E25E100CCBF51 /* Main.storyboard */ = {
			isa = PBXVariantGroup;
			children = (
				BAE0E58F1C7E25E100CCBF51 /* Base */,
			);
			name = Main.storyboard;
			sourceTree = "<group>";
		};
		BAE0E5931C7E25E100CCBF51 /* LaunchScreen.storyboard */ = {
			isa = PBXVariantGroup;
			children = (
				BAE0E5941C7E25E100CCBF51 /* Base */,
			);
			name = LaunchScreen.storyboard;
			sourceTree = "<group>";
		};
/* End PBXVariantGroup section */

/* Begin XCBuildConfiguration section */
		BAE0E5AD1C7E25E100CCBF51 /* Debug */ = {
			isa = XCBuildConfiguration;
			buildSettings = {
				ALWAYS_SEARCH_USER_PATHS = NO;
				CLANG_CXX_LANGUAGE_STANDARD = "gnu++0x";
				CLANG_CXX_LIBRARY = "libc++";
				CLANG_ENABLE_MODULES = YES;
				CLANG_ENABLE_OBJC_ARC = YES;
				CLANG_WARN_BOOL_CONVERSION = YES;
				CLANG_WARN_CONSTANT_CONVERSION = YES;
				CLANG_WARN_DIRECT_OBJC_ISA_USAGE = YES_ERROR;
				CLANG_WARN_EMPTY_BODY = YES;
				CLANG_WARN_ENUM_CONVERSION = YES;
				CLANG_WARN_INT_CONVERSION = YES;
				CLANG_WARN_OBJC_ROOT_CLASS = YES_ERROR;
				CLANG_WARN_UNREACHABLE_CODE = YES;
				CLANG_WARN__DUPLICATE_METHOD_MATCH = YES;
				"CODE_SIGN_IDENTITY[sdk=iphoneos*]" = "iPhone Developer";
				COPY_PHASE_STRIP = NO;
				DEBUG_INFORMATION_FORMAT = dwarf;
				ENABLE_STRICT_OBJC_MSGSEND = YES;
				ENABLE_TESTABILITY = YES;
				GCC_C_LANGUAGE_STANDARD = gnu99;
				GCC_DYNAMIC_NO_PIC = NO;
				GCC_NO_COMMON_BLOCKS = YES;
				GCC_OPTIMIZATION_LEVEL = 0;
				GCC_PREPROCESSOR_DEFINITIONS = (
					"DEBUG=1",
					"$(inherited)",
				);
				GCC_WARN_64_TO_32_BIT_CONVERSION = YES;
				GCC_WARN_ABOUT_RETURN_TYPE = YES_ERROR;
				GCC_WARN_UNDECLARED_SELECTOR = YES;
				GCC_WARN_UNINITIALIZED_AUTOS = YES_AGGRESSIVE;
				GCC_WARN_UNUSED_FUNCTION = YES;
				GCC_WARN_UNUSED_VARIABLE = YES;
				IPHONEOS_DEPLOYMENT_TARGET = 9.2;
				MTL_ENABLE_DEBUG_INFO = YES;
				ONLY_ACTIVE_ARCH = YES;
				SDKROOT = iphoneos;
				SWIFT_OPTIMIZATION_LEVEL = "-Onone";
			};
			name = Debug;
		};
		BAE0E5AE1C7E25E100CCBF51 /* Release */ = {
			isa = XCBuildConfiguration;
			buildSettings = {
				ALWAYS_SEARCH_USER_PATHS = NO;
				CLANG_CXX_LANGUAGE_STANDARD = "gnu++0x";
				CLANG_CXX_LIBRARY = "libc++";
				CLANG_ENABLE_MODULES = YES;
				CLANG_ENABLE_OBJC_ARC = YES;
				CLANG_WARN_BOOL_CONVERSION = YES;
				CLANG_WARN_CONSTANT_CONVERSION = YES;
				CLANG_WARN_DIRECT_OBJC_ISA_USAGE = YES_ERROR;
				CLANG_WARN_EMPTY_BODY = YES;
				CLANG_WARN_ENUM_CONVERSION = YES;
				CLANG_WARN_INT_CONVERSION = YES;
				CLANG_WARN_OBJC_ROOT_CLASS = YES_ERROR;
				CLANG_WARN_UNREACHABLE_CODE = YES;
				CLANG_WARN__DUPLICATE_METHOD_MATCH = YES;
				"CODE_SIGN_IDENTITY[sdk=iphoneos*]" = "iPhone Developer";
				COPY_PHASE_STRIP = NO;
				DEBUG_INFORMATION_FORMAT = "dwarf-with-dsym";
				ENABLE_NS_ASSERTIONS = NO;
				ENABLE_STRICT_OBJC_MSGSEND = YES;
				GCC_C_LANGUAGE_STANDARD = gnu99;
				GCC_NO_COMMON_BLOCKS = YES;
				GCC_WARN_64_TO_32_BIT_CONVERSION = YES;
				GCC_WARN_ABOUT_RETURN_TYPE = YES_ERROR;
				GCC_WARN_UNDECLARED_SELECTOR = YES;
				GCC_WARN_UNINITIALIZED_AUTOS = YES_AGGRESSIVE;
				GCC_WARN_UNUSED_FUNCTION = YES;
				GCC_WARN_UNUSED_VARIABLE = YES;
				IPHONEOS_DEPLOYMENT_TARGET = 9.2;
				MTL_ENABLE_DEBUG_INFO = NO;
				SDKROOT = iphoneos;
				VALIDATE_PRODUCT = YES;
			};
			name = Release;
		};
		BAE0E5B01C7E25E100CCBF51 /* Debug */ = {
			isa = XCBuildConfiguration;
			buildSettings = {
				ASSETCATALOG_COMPILER_APPICON_NAME = AppIcon;
				INFOPLIST_FILE = "Hotel Bill Calculator/Info.plist";
				LD_RUNPATH_SEARCH_PATHS = "$(inherited) @executable_path/Frameworks";
				PRODUCT_BUNDLE_IDENTIFIER = "net.teilin.Hotel-Bill-Calculator";
				PRODUCT_NAME = "$(TARGET_NAME)";
			};
			name = Debug;
		};
		BAE0E5B11C7E25E100CCBF51 /* Release */ = {
			isa = XCBuildConfiguration;
			buildSettings = {
				ASSETCATALOG_COMPILER_APPICON_NAME = AppIcon;
				INFOPLIST_FILE = "Hotel Bill Calculator/Info.plist";
				LD_RUNPATH_SEARCH_PATHS = "$(inherited) @executable_path/Frameworks";
				PRODUCT_BUNDLE_IDENTIFIER = "net.teilin.Hotel-Bill-Calculator";
				PRODUCT_NAME = "$(TARGET_NAME)";
			};
			name = Release;
		};
		BAE0E5B31C7E25E100CCBF51 /* Debug */ = {
			isa = XCBuildConfiguration;
			buildSettings = {
				BUNDLE_LOADER = "$(TEST_HOST)";
				INFOPLIST_FILE = "Hotel Bill CalculatorTests/Info.plist";
				LD_RUNPATH_SEARCH_PATHS = "$(inherited) @executable_path/Frameworks @loader_path/Frameworks";
				PRODUCT_BUNDLE_IDENTIFIER = "net.teilin.Hotel-Bill-CalculatorTests";
				PRODUCT_NAME = "$(TARGET_NAME)";
				TEST_HOST = "$(BUILT_PRODUCTS_DIR)/Hotel Bill Calculator.app/Hotel Bill Calculator";
			};
			name = Debug;
		};
		BAE0E5B41C7E25E100CCBF51 /* Release */ = {
			isa = XCBuildConfiguration;
			buildSettings = {
				BUNDLE_LOADER = "$(TEST_HOST)";
				INFOPLIST_FILE = "Hotel Bill CalculatorTests/Info.plist";
				LD_RUNPATH_SEARCH_PATHS = "$(inherited) @executable_path/Frameworks @loader_path/Frameworks";
				PRODUCT_BUNDLE_IDENTIFIER = "net.teilin.Hotel-Bill-CalculatorTests";
				PRODUCT_NAME = "$(TARGET_NAME)";
				TEST_HOST = "$(BUILT_PRODUCTS_DIR)/Hotel Bill Calculator.app/Hotel Bill Calculator";
			};
			name = Release;
		};
		BAE0E5B61C7E25E100CCBF51 /* Debug */ = {
			isa = XCBuildConfiguration;
			buildSettings = {
				INFOPLIST_FILE = "Hotel Bill CalculatorUITests/Info.plist";
				LD_RUNPATH_SEARCH_PATHS = "$(inherited) @executable_path/Frameworks @loader_path/Frameworks";
				PRODUCT_BUNDLE_IDENTIFIER = "net.teilin.Hotel-Bill-CalculatorUITests";
				PRODUCT_NAME = "$(TARGET_NAME)";
				TEST_TARGET_NAME = "Hotel Bill Calculator";
				USES_XCTRUNNER = YES;
			};
			name = Debug;
		};
		BAE0E5B71C7E25E100CCBF51 /* Release */ = {
			isa = XCBuildConfiguration;
			buildSettings = {
				INFOPLIST_FILE = "Hotel Bill CalculatorUITests/Info.plist";
				LD_RUNPATH_SEARCH_PATHS = "$(inherited) @executable_path/Frameworks @loader_path/Frameworks";
				PRODUCT_BUNDLE_IDENTIFIER = "net.teilin.Hotel-Bill-CalculatorUITests";
				PRODUCT_NAME = "$(TARGET_NAME)";
				TEST_TARGET_NAME = "Hotel Bill Calculator";
				USES_XCTRUNNER = YES;
			};
			name = Release;
		};
/* End XCBuildConfiguration section */

/* Begin XCConfigurationList section */
		BAE0E5821C7E25E100CCBF51 /* Build configuration list for PBXProject "Hotel Bill Calculator" */ = {
			isa = XCConfigurationList;
			buildConfigurations = (
				BAE0E5AD1C7E25E100CCBF51 /* Debug */,
				BAE0E5AE1C7E25E100CCBF51 /* Release */,
			);
			defaultConfigurationIsVisible = 0;
			defaultConfigurationName = Release;
		};
		BAE0E5AF1C7E25E100CCBF51 /* Build configuration list for PBXNativeTarget "Hotel Bill Calculator" */ = {
			isa = XCConfigurationList;
			buildConfigurations = (
				BAE0E5B01C7E25E100CCBF51 /* Debug */,
				BAE0E5B11C7E25E100CCBF51 /* Release */,
			);
			defaultConfigurationIsVisible = 0;
		};
		BAE0E5B21C7E25E100CCBF51 /* Build configuration list for PBXNativeTarget "Hotel Bill CalculatorTests" */ = {
			isa = XCConfigurationList;
			buildConfigurations = (
				BAE0E5B31C7E25E100CCBF51 /* Debug */,
				BAE0E5B41C7E25E100CCBF51 /* Release */,
			);
			defaultConfigurationIsVisible = 0;
		};
		BAE0E5B51C7E25E100CCBF51 /* Build configuration list for PBXNativeTarget "Hotel Bill CalculatorUITests" */ = {
			isa = XCConfigurationList;
			buildConfigurations = (
				BAE0E5B61C7E25E100CCBF51 /* Debug */,
				BAE0E5B71C7E25E100CCBF51 /* Release */,
			);
			defaultConfigurationIsVisible = 0;
		};
/* End XCConfigurationList section */
	};
	rootObject = BAE0E57F1C7E25E100CCBF51 /* Project object */;
}
